
Microsoft Visual Studio Solution File, Format Version 12.00
# Visual Studio Version 17
VisualStudioVersion = 17.5.33424.131
MinimumVisualStudioVersion = 10.0.40219.1
Project("{9A19103F-16F7-4668-BE54-9A1E7A4F7556}") = "OrderApi", "OrderApi\OrderApi.csproj", "{9261F756-EB8D-46A2-BEAA-52F7B66173F3}"
EndProject
Project("{9A19103F-16F7-4668-BE54-9A1E7A4F7556}") = "OrderServices", "OrderServices\OrderServices.csproj", "{AC22CFC6-4178-49E0-A13B-ADB5B9105341}"
EndProject
Project("{9A19103F-16F7-4668-BE54-9A1E7A4F7556}") = "OrderData", "OrderData\OrderData.csproj", "{65956213-B24D-4FB7-93BD-E642D760F302}"
EndProject
Project("{9A19103F-16F7-4668-BE54-9A1E7A4F7556}") = "OrderDtos", "OrderDtos\OrderDtos.csproj", "{CDB314C8-8D53-41C0-9363-D8D50CCC5E38}"
EndProject
Project("{FAE04EC0-301F-11D3-BF4B-00C04F79EFBC}") = "OrderCommon", "OrderCommon\OrderCommon.csproj", "{2B7C9BB8-06C3-4B62-95DF-06BC336CB0B2}"
EndProject
Global
	GlobalSection(SolutionConfigurationPlatforms) = preSolution
		Debug|Any CPU = Debug|Any CPU
		Release|Any CPU = Release|Any CPU
	EndGlobalSection
	GlobalSection(ProjectConfigurationPlatforms) = postSolution
		{9261F756-EB8D-46A2-BEAA-52F7B66173F3}.Debug|Any CPU.ActiveCfg = Debug|Any CPU
		{9261F756-EB8D-46A2-BEAA-52F7B66173F3}.Debug|Any CPU.Build.0 = Debug|Any CPU
		{9261F756-EB8D-46A2-BEAA-52F7B66173F3}.Release|Any CPU.ActiveCfg = Release|Any CPU
		{9261F756-EB8D-46A2-BEAA-52F7B66173F3}.Release|Any CPU.Build.0 = Release|Any CPU
		{AC22CFC6-4178-49E0-A13B-ADB5B9105341}.Debug|Any CPU.ActiveCfg = Debug|Any CPU
		{AC22CFC6-4178-49E0-A13B-ADB5B9105341}.Debug|Any CPU.Build.0 = Debug|Any CPU
		{AC22CFC6-4178-49E0-A13B-ADB5B9105341}.Release|Any CPU.ActiveCfg = Release|Any CPU
		{AC22CFC6-4178-49E0-A13B-ADB5B9105341}.Release|Any CPU.Build.0 = Release|Any CPU
		{65956213-B24D-4FB7-93BD-E642D760F302}.Debug|Any CPU.ActiveCfg = Debug|Any CPU
		{65956213-B24D-4FB7-93BD-E642D760F302}.Debug|Any CPU.Build.0 = Debug|Any CPU
		{65956213-B24D-4FB7-93BD-E642D760F302}.Release|Any CPU.ActiveCfg = Release|Any CPU
		{65956213-B24D-4FB7-93BD-E642D760F302}.Release|Any CPU.Build.0 = Release|Any CPU
		{CDB314C8-8D53-41C0-9363-D8D50CCC5E38}.Debug|Any CPU.ActiveCfg = Debug|Any CPU
		{CDB314C8-8D53-41C0-9363-D8D50CCC5E38}.Debug|Any CPU.Build.0 = Debug|Any CPU
		{CDB314C8-8D53-41C0-9363-D8D50CCC5E38}.Release|Any CPU.ActiveCfg = Release|Any CPU
		{CDB314C8-8D53-41C0-9363-D8D50CCC5E38}.Release|Any CPU.Build.0 = Release|Any CPU
		{2B7C9BB8-06C3-4B62-95DF-06BC336CB0B2}.Debug|Any CPU.ActiveCfg = Debug|Any CPU
		{2B7C9BB8-06C3-4B62-95DF-06BC336CB0B2}.Debug|Any CPU.Build.0 = Debug|Any CPU
		{2B7C9BB8-06C3-4B62-95DF-06BC336CB0B2}.Release|Any CPU.ActiveCfg = Release|Any CPU
		{2B7C9BB8-06C3-4B62-95DF-06BC336CB0B2}.Release|Any CPU.Build.0 = Release|Any CPU
	EndGlobalSection
	GlobalSection(SolutionProperties) = preSolution
		HideSolutionNode = FALSE
	EndGlobalSection
	GlobalSection(ExtensibilityGlobals) = postSolution
		SolutionGuid = {11660A01-9363-4E2E-8EE4-EC1B06185979}
	EndGlobalSection
EndGlobal
