
Microsoft Visual Studio Solution File, Format Version 12.00
# Visual Studio Version 17
VisualStudioVersion = 17.5.33424.131
MinimumVisualStudioVersion = 10.0.40219.1
Project("{9A19103F-16F7-4668-BE54-9A1E7A4F7556}") = "PriceApi", "PriceApi\PriceApi.csproj", "{6F4DD803-6508-4F32-8CB7-21337EE38DE4}"
EndProject
Project("{9A19103F-16F7-4668-BE54-9A1E7A4F7556}") = "PriceServices", "PriceServices\PriceServices.csproj", "{279A52AB-45D9-46F0-8F26-DE2D18782A9E}"
EndProject
Project("{FAE04EC0-301F-11D3-BF4B-00C04F79EFBC}") = "PriceCommon", "PriceCommon\PriceCommon.csproj", "{6949FC7C-7239-408F-ACAF-104FEFCB1000}"
EndProject
Project("{FAE04EC0-301F-11D3-BF4B-00C04F79EFBC}") = "PriceDtos", "PriceDtos\PriceDtos.csproj", "{E4C45006-6F56-4E26-9366-92BD6F1FEA80}"
EndProject
Global
	GlobalSection(SolutionConfigurationPlatforms) = preSolution
		Debug|Any CPU = Debug|Any CPU
		Release|Any CPU = Release|Any CPU
	EndGlobalSection
	GlobalSection(ProjectConfigurationPlatforms) = postSolution
		{6F4DD803-6508-4F32-8CB7-21337EE38DE4}.Debug|Any CPU.ActiveCfg = Debug|Any CPU
		{6F4DD803-6508-4F32-8CB7-21337EE38DE4}.Debug|Any CPU.Build.0 = Debug|Any CPU
		{6F4DD803-6508-4F32-8CB7-21337EE38DE4}.Release|Any CPU.ActiveCfg = Release|Any CPU
		{6F4DD803-6508-4F32-8CB7-21337EE38DE4}.Release|Any CPU.Build.0 = Release|Any CPU
		{279A52AB-45D9-46F0-8F26-DE2D18782A9E}.Debug|Any CPU.ActiveCfg = Debug|Any CPU
		{279A52AB-45D9-46F0-8F26-DE2D18782A9E}.Debug|Any CPU.Build.0 = Debug|Any CPU
		{279A52AB-45D9-46F0-8F26-DE2D18782A9E}.Release|Any CPU.ActiveCfg = Release|Any CPU
		{279A52AB-45D9-46F0-8F26-DE2D18782A9E}.Release|Any CPU.Build.0 = Release|Any CPU
		{6949FC7C-7239-408F-ACAF-104FEFCB1000}.Debug|Any CPU.ActiveCfg = Debug|Any CPU
		{6949FC7C-7239-408F-ACAF-104FEFCB1000}.Debug|Any CPU.Build.0 = Debug|Any CPU
		{6949FC7C-7239-408F-ACAF-104FEFCB1000}.Release|Any CPU.ActiveCfg = Release|Any CPU
		{6949FC7C-7239-408F-ACAF-104FEFCB1000}.Release|Any CPU.Build.0 = Release|Any CPU
		{E4C45006-6F56-4E26-9366-92BD6F1FEA80}.Debug|Any CPU.ActiveCfg = Debug|Any CPU
		{E4C45006-6F56-4E26-9366-92BD6F1FEA80}.Debug|Any CPU.Build.0 = Debug|Any CPU
		{E4C45006-6F56-4E26-9366-92BD6F1FEA80}.Release|Any CPU.ActiveCfg = Release|Any CPU
		{E4C45006-6F56-4E26-9366-92BD6F1FEA80}.Release|Any CPU.Build.0 = Release|Any CPU
	EndGlobalSection
	GlobalSection(SolutionProperties) = preSolution
		HideSolutionNode = FALSE
	EndGlobalSection
	GlobalSection(ExtensibilityGlobals) = postSolution
		SolutionGuid = {F93A1123-9ADD-4753-B21F-5F5515B6DC10}
	EndGlobalSection
EndGlobal
